// !$*UTF8*$!
{
	archiveVersion = 1;
	classes = {
	};
	objectVersion = 50;
	objects = {

/* Begin PBXBuildFile section */
		307F9D09239D34C100338DE8 /* AppDelegate.swift in Sources */ = {isa = PBXBuildFile; fileRef = 307F9D08239D34C100338DE8 /* AppDelegate.swift */; };
		307F9D0B239D34C100338DE8 /* SceneDelegate.swift in Sources */ = {isa = PBXBuildFile; fileRef = 307F9D0A239D34C100338DE8 /* SceneDelegate.swift */; };
		307F9D0D239D34C100338DE8 /* ViewController.swift in Sources */ = {isa = PBXBuildFile; fileRef = 307F9D0C239D34C100338DE8 /* ViewController.swift */; };
		307F9D10239D34C100338DE8 /* Main.storyboard in Resources */ = {isa = PBXBuildFile; fileRef = 307F9D0E239D34C100338DE8 /* Main.storyboard */; };
		307F9D12239D34C500338DE8 /* Assets.xcassets in Resources */ = {isa = PBXBuildFile; fileRef = 307F9D11239D34C500338DE8 /* Assets.xcassets */; };
		307F9D15239D34C500338DE8 /* LaunchScreen.storyboard in Resources */ = {isa = PBXBuildFile; fileRef = 307F9D13239D34C500338DE8 /* LaunchScreen.storyboard */; };
		307F9D23239D352E00338DE8 /* UnitTestExamplesTests.swift in Sources */ = {isa = PBXBuildFile; fileRef = 307F9D22239D352E00338DE8 /* UnitTestExamplesTests.swift */; };
		307F9D2C239D36DB00338DE8 /* Int+square.swift in Sources */ = {isa = PBXBuildFile; fileRef = 307F9D2B239D36DB00338DE8 /* Int+square.swift */; };
/* End PBXBuildFile section */

/* Begin PBXContainerItemProxy section */
		307F9D25239D352E00338DE8 /* PBXContainerItemProxy */ = {
			isa = PBXContainerItemProxy;
			containerPortal = 307F9CFD239D34C000338DE8 /* Project object */;
			proxyType = 1;
			remoteGlobalIDString = 307F9D04239D34C000338DE8;
			remoteInfo = UnitTestExamples;
		};
/* End PBXContainerItemProxy section */

/* Begin PBXFileReference section */
		307F9D05239D34C000338DE8 /* UnitTestExamples.app */ = {isa = PBXFileReference; explicitFileType = wrapper.application; includeInIndex = 0; path = UnitTestExamples.app; sourceTree = BUILT_PRODUCTS_DIR; };
		307F9D08239D34C100338DE8 /* AppDelegate.swift */ = {isa = PBXFileReference; lastKnownFileType = sourcecode.swift; path = AppDelegate.swift; sourceTree = "<group>"; };
		307F9D0A239D34C100338DE8 /* SceneDelegate.swift */ = {isa = PBXFileReference; lastKnownFileType = sourcecode.swift; path = SceneDelegate.swift; sourceTree = "<group>"; };
		307F9D0C239D34C100338DE8 /* ViewController.swift */ = {isa = PBXFileReference; lastKnownFileType = sourcecode.swift; path = ViewController.swift; sourceTree = "<group>"; };
		307F9D0F239D34C100338DE8 /* Base */ = {isa = PBXFileReference; lastKnownFileType = file.storyboard; name = Base; path = Base.lproj/Main.storyboard; sourceTree = "<group>"; };
		307F9D11239D34C500338DE8 /* Assets.xcassets */ = {isa = PBXFileReference; lastKnownFileType = folder.assetcatalog; path = Assets.xcassets; sourceTree = "<group>"; };
		307F9D14239D34C500338DE8 /* Base */ = {isa = PBXFileReference; lastKnownFileType = file.storyboard; name = Base; path = Base.lproj/LaunchScreen.storyboard; sourceTree = "<group>"; };
		307F9D16239D34C500338DE8 /* Info.plist */ = {isa = PBXFileReference; lastKnownFileType = text.plist.xml; path = Info.plist; sourceTree = "<group>"; };
		307F9D20239D352E00338DE8 /* UnitTestExamplesTests.xctest */ = {isa = PBXFileReference; explicitFileType = wrapper.cfbundle; includeInIndex = 0; path = UnitTestExamplesTests.xctest; sourceTree = BUILT_PRODUCTS_DIR; };
		307F9D22239D352E00338DE8 /* UnitTestExamplesTests.swift */ = {isa = PBXFileReference; lastKnownFileType = sourcecode.swift; path = UnitTestExamplesTests.swift; sourceTree = "<group>"; };
		307F9D24239D352E00338DE8 /* Info.plist */ = {isa = PBXFileReference; lastKnownFileType = text.plist.xml; path = Info.plist; sourceTree = "<group>"; };
		307F9D2B239D36DB00338DE8 /* Int+square.swift */ = {isa = PBXFileReference; lastKnownFileType = sourcecode.swift; path = "Int+square.swift"; sourceTree = "<group>"; };
/* End PBXFileReference section */

/* Begin PBXFrameworksBuildPhase section */
		307F9D02239D34C000338DE8 /* Frameworks */ = {
			isa = PBXFrameworksBuildPhase;
			buildActionMask = 2147483647;
			files = (
			);
			runOnlyForDeploymentPostprocessing = 0;
		};
		307F9D1D239D352E00338DE8 /* Frameworks */ = {
			isa = PBXFrameworksBuildPhase;
			buildActionMask = 2147483647;
			files = (
			);
			runOnlyForDeploymentPostprocessing = 0;
		};
/* End PBXFrameworksBuildPhase section */

/* Begin PBXGroup section */
		307F9CFC239D34C000338DE8 = {
			isa = PBXGroup;
			children = (
				307F9D07239D34C000338DE8 /* UnitTestExamples */,
				307F9D21239D352E00338DE8 /* UnitTestExamplesTests */,
				307F9D06239D34C000338DE8 /* Products */,
			);
			sourceTree = "<group>";
		};
		307F9D06239D34C000338DE8 /* Products */ = {
			isa = PBXGroup;
			children = (
				307F9D05239D34C000338DE8 /* UnitTestExamples.app */,
				307F9D20239D352E00338DE8 /* UnitTestExamplesTests.xctest */,
			);
			name = Products;
			sourceTree = "<group>";
		};
		307F9D07239D34C000338DE8 /* UnitTestExamples */ = {
			isa = PBXGroup;
			children = (
				307F9D2A239D36CD00338DE8 /* Extensions */,
				307F9D08239D34C100338DE8 /* AppDelegate.swift */,
				307F9D0A239D34C100338DE8 /* SceneDelegate.swift */,
				307F9D0C239D34C100338DE8 /* ViewController.swift */,
				307F9D0E239D34C100338DE8 /* Main.storyboard */,
				307F9D11239D34C500338DE8 /* Assets.xcassets */,
				307F9D13239D34C500338DE8 /* LaunchScreen.storyboard */,
				307F9D16239D34C500338DE8 /* Info.plist */,
			);
			path = UnitTestExamples;
			sourceTree = "<group>";
		};
		307F9D21239D352E00338DE8 /* UnitTestExamplesTests */ = {
			isa = PBXGroup;
			children = (
				307F9D22239D352E00338DE8 /* UnitTestExamplesTests.swift */,
				307F9D24239D352E00338DE8 /* Info.plist */,
			);
			path = UnitTestExamplesTests;
			sourceTree = "<group>";
		};
		307F9D2A239D36CD00338DE8 /* Extensions */ = {
			isa = PBXGroup;
			children = (
				307F9D2B239D36DB00338DE8 /* Int+square.swift */,
			);
			path = Extensions;
			sourceTree = "<group>";
		};
/* End PBXGroup section */

/* Begin PBXNativeTarget section */
		307F9D04239D34C000338DE8 /* UnitTestExamples */ = {
			isa = PBXNativeTarget;
			buildConfigurationList = 307F9D19239D34C500338DE8 /* Build configuration list for PBXNativeTarget "UnitTestExamples" */;
			buildPhases = (
				307F9D01239D34C000338DE8 /* Sources */,
				307F9D02239D34C000338DE8 /* Frameworks */,
				307F9D03239D34C000338DE8 /* Resources */,
			);
			buildRules = (
			);
			dependencies = (
			);
			name = UnitTestExamples;
			productName = UnitTestExamples;
			productReference = 307F9D05239D34C000338DE8 /* UnitTestExamples.app */;
			productType = "com.apple.product-type.application";
		};
		307F9D1F239D352E00338DE8 /* UnitTestExamplesTests */ = {
			isa = PBXNativeTarget;
			buildConfigurationList = 307F9D27239D352E00338DE8 /* Build configuration list for PBXNativeTarget "UnitTestExamplesTests" */;
			buildPhases = (
				307F9D1C239D352E00338DE8 /* Sources */,
				307F9D1D239D352E00338DE8 /* Frameworks */,
				307F9D1E239D352E00338DE8 /* Resources */,
			);
			buildRules = (
			);
			dependencies = (
				307F9D26239D352E00338DE8 /* PBXTargetDependency */,
			);
			name = UnitTestExamplesTests;
			productName = UnitTestExamplesTests;
			productReference = 307F9D20239D352E00338DE8 /* UnitTestExamplesTests.xctest */;
			productType = "com.apple.product-type.bundle.unit-test";
		};
/* End PBXNativeTarget section */

/* Begin PBXProject section */
		307F9CFD239D34C000338DE8 /* Project object */ = {
			isa = PBXProject;
			attributes = {
				LastSwiftUpdateCheck = 1120;
				LastUpgradeCheck = 1120;
				ORGANIZATIONNAME = "Hadži Lazar Pešić";
				TargetAttributes = {
					307F9D04239D34C000338DE8 = {
						CreatedOnToolsVersion = 11.2.1;
					};
					307F9D1F239D352E00338DE8 = {
						CreatedOnToolsVersion = 11.2.1;
						TestTargetID = 307F9D04239D34C000338DE8;
					};
				};
			};
			buildConfigurationList = 307F9D00239D34C000338DE8 /* Build configuration list for PBXProject "UnitTestExamples" */;
			compatibilityVersion = "Xcode 9.3";
			developmentRegion = en;
			hasScannedForEncodings = 0;
			knownRegions = (
				en,
				Base,
			);
			mainGroup = 307F9CFC239D34C000338DE8;
			productRefGroup = 307F9D06239D34C000338DE8 /* Products */;
			projectDirPath = "";
			projectRoot = "";
			targets = (
				307F9D04239D34C000338DE8 /* UnitTestExamples */,
				307F9D1F239D352E00338DE8 /* UnitTestExamplesTests */,
			);
		};
/* End PBXProject section */

/* Begin PBXResourcesBuildPhase section */
		307F9D03239D34C000338DE8 /* Resources */ = {
			isa = PBXResourcesBuildPhase;
			buildActionMask = 2147483647;
			files = (
				307F9D15239D34C500338DE8 /* LaunchScreen.storyboard in Resources */,
				307F9D12239D34C500338DE8 /* Assets.xcassets in Resources */,
				307F9D10239D34C100338DE8 /* Main.storyboard in Resources */,
			);
			runOnlyForDeploymentPostprocessing = 0;
		};
		307F9D1E239D352E00338DE8 /* Resources */ = {
			isa = PBXResourcesBuildPhase;
			buildActionMask = 2147483647;
			files = (
			);
			runOnlyForDeploymentPostprocessing = 0;
		};
/* End PBXResourcesBuildPhase section */

/* Begin PBXSourcesBuildPhase section */
		307F9D01239D34C000338DE8 /* Sources */ = {
			isa = PBXSourcesBuildPhase;
			buildActionMask = 2147483647;
			files = (
				307F9D0D239D34C100338DE8 /* ViewController.swift in Sources */,
				307F9D09239D34C100338DE8 /* AppDelegate.swift in Sources */,
				307F9D2C239D36DB00338DE8 /* Int+square.swift in Sources */,
				307F9D0B239D34C100338DE8 /* SceneDelegate.swift in Sources */,
			);
			runOnlyForDeploymentPostprocessing = 0;
		};
		307F9D1C239D352E00338DE8 /* Sources */ = {
			isa = PBXSourcesBuildPhase;
			buildActionMask = 2147483647;
			files = (
				307F9D23239D352E00338DE8 /* UnitTestExamplesTests.swift in Sources */,
			);
			runOnlyForDeploymentPostprocessing = 0;
		};
/* End PBXSourcesBuildPhase section */

/* Begin PBXTargetDependency section */
		307F9D26239D352E00338DE8 /* PBXTargetDependency */ = {
			isa = PBXTargetDependency;
			target = 307F9D04239D34C000338DE8 /* UnitTestExamples */;
			targetProxy = 307F9D25239D352E00338DE8 /* PBXContainerItemProxy */;
		};
/* End PBXTargetDependency section */

/* Begin PBXVariantGroup section */
		307F9D0E239D34C100338DE8 /* Main.storyboard */ = {
			isa = PBXVariantGroup;
			children = (
				307F9D0F239D34C100338DE8 /* Base */,
			);
			name = Main.storyboard;
			sourceTree = "<group>";
		};
		307F9D13239D34C500338DE8 /* LaunchScreen.storyboard */ = {
			isa = PBXVariantGroup;
			children = (
				307F9D14239D34C500338DE8 /* Base */,
			);
			name = LaunchScreen.storyboard;
			sourceTree = "<group>";
		};
/* End PBXVariantGroup section */

/* Begin XCBuildConfiguration section */
		307F9D17239D34C500338DE8 /* Debug */ = {
			isa = XCBuildConfiguration;
			buildSettings = {
				ALWAYS_SEARCH_USER_PATHS = NO;
				CLANG_ANALYZER_NONNULL = YES;
				CLANG_ANALYZER_NUMBER_OBJECT_CONVERSION = YES_AGGRESSIVE;
				CLANG_CXX_LANGUAGE_STANDARD = "gnu++14";
				CLANG_CXX_LIBRARY = "libc++";
				CLANG_ENABLE_MODULES = YES;
				CLANG_ENABLE_OBJC_ARC = YES;
				CLANG_ENABLE_OBJC_WEAK = YES;
				CLANG_WARN_BLOCK_CAPTURE_AUTORELEASING = YES;
				CLANG_WARN_BOOL_CONVERSION = YES;
				CLANG_WARN_COMMA = YES;
				CLANG_WARN_CONSTANT_CONVERSION = YES;
				CLANG_WARN_DEPRECATED_OBJC_IMPLEMENTATIONS = YES;
				CLANG_WARN_DIRECT_OBJC_ISA_USAGE = YES_ERROR;
				CLANG_WARN_DOCUMENTATION_COMMENTS = YES;
				CLANG_WARN_EMPTY_BODY = YES;
				CLANG_WARN_ENUM_CONVERSION = YES;
				CLANG_WARN_INFINITE_RECURSION = YES;
				CLANG_WARN_INT_CONVERSION = YES;
				CLANG_WARN_NON_LITERAL_NULL_CONVERSION = YES;
				CLANG_WARN_OBJC_IMPLICIT_RETAIN_SELF = YES;
				CLANG_WARN_OBJC_LITERAL_CONVERSION = YES;
				CLANG_WARN_OBJC_ROOT_CLASS = YES_ERROR;
				CLANG_WARN_RANGE_LOOP_ANALYSIS = YES;
				CLANG_WARN_STRICT_PROTOTYPES = YES;
				CLANG_WARN_SUSPICIOUS_MOVE = YES;
				CLANG_WARN_UNGUARDED_AVAILABILITY = YES_AGGRESSIVE;
				CLANG_WARN_UNREACHABLE_CODE = YES;
				CLANG_WARN__DUPLICATE_METHOD_MATCH = YES;
				COPY_PHASE_STRIP = NO;
				DEBUG_INFORMATION_FORMAT = dwarf;
				ENABLE_STRICT_OBJC_MSGSEND = YES;
				ENABLE_TESTABILITY = YES;
				GCC_C_LANGUAGE_STANDARD = gnu11;
				GCC_DYNAMIC_NO_PIC = NO;
				GCC_NO_COMMON_BLOCKS = YES;
				GCC_OPTIMIZATION_LEVEL = 0;
				GCC_PREPROCESSOR_DEFINITIONS = (
					"DEBUG=1",
					"$(inherited)",
				);
				GCC_WARN_64_TO_32_BIT_CONVERSION = YES;
				GCC_WARN_ABOUT_RETURN_TYPE = YES_ERROR;
				GCC_WARN_UNDECLARED_SELECTOR = YES;
				GCC_WARN_UNINITIALIZED_AUTOS = YES_AGGRESSIVE;
				GCC_WARN_UNUSED_FUNCTION = YES;
				GCC_WARN_UNUSED_VARIABLE = YES;
				IPHONEOS_DEPLOYMENT_TARGET = 13.2;
				MTL_ENABLE_DEBUG_INFO = INCLUDE_SOURCE;
				MTL_FAST_MATH = YES;
				ONLY_ACTIVE_ARCH = YES;
				SDKROOT = iphoneos;
				SWIFT_ACTIVE_COMPILATION_CONDITIONS = DEBUG;
				SWIFT_OPTIMIZATION_LEVEL = "-Onone";
			};
			name = Debug;
		};
		307F9D18239D34C500338DE8 /* Release */ = {
			isa = XCBuildConfiguration;
			buildSettings = {
				ALWAYS_SEARCH_USER_PATHS = NO;
				CLANG_ANALYZER_NONNULL = YES;
				CLANG_ANALYZER_NUMBER_OBJECT_CONVERSION = YES_AGGRESSIVE;
				CLANG_CXX_LANGUAGE_STANDARD = "gnu++14";
				CLANG_CXX_LIBRARY = "libc++";
				CLANG_ENABLE_MODULES = YES;
				CLANG_ENABLE_OBJC_ARC = YES;
				CLANG_ENABLE_OBJC_WEAK = YES;
				CLANG_WARN_BLOCK_CAPTURE_AUTORELEASING = YES;
				CLANG_WARN_BOOL_CONVERSION = YES;
				CLANG_WARN_COMMA = YES;
				CLANG_WARN_CONSTANT_CONVERSION = YES;
				CLANG_WARN_DEPRECATED_OBJC_IMPLEMENTATIONS = YES;
				CLANG_WARN_DIRECT_OBJC_ISA_USAGE = YES_ERROR;
				CLANG_WARN_DOCUMENTATION_COMMENTS = YES;
				CLANG_WARN_EMPTY_BODY = YES;
				CLANG_WARN_ENUM_CONVERSION = YES;
				CLANG_WARN_INFINITE_RECURSION = YES;
				CLANG_WARN_INT_CONVERSION = YES;
				CLANG_WARN_NON_LITERAL_NULL_CONVERSION = YES;
				CLANG_WARN_OBJC_IMPLICIT_RETAIN_SELF = YES;
				CLANG_WARN_OBJC_LITERAL_CONVERSION = YES;
				CLANG_WARN_OBJC_ROOT_CLASS = YES_ERROR;
				CLANG_WARN_RANGE_LOOP_ANALYSIS = YES;
				CLANG_WARN_STRICT_PROTOTYPES = YES;
				CLANG_WARN_SUSPICIOUS_MOVE = YES;
				CLANG_WARN_UNGUARDED_AVAILABILITY = YES_AGGRESSIVE;
				CLANG_WARN_UNREACHABLE_CODE = YES;
				CLANG_WARN__DUPLICATE_METHOD_MATCH = YES;
				COPY_PHASE_STRIP = NO;
				DEBUG_INFORMATION_FORMAT = "dwarf-with-dsym";
				ENABLE_NS_ASSERTIONS = NO;
				ENABLE_STRICT_OBJC_MSGSEND = YES;
				GCC_C_LANGUAGE_STANDARD = gnu11;
				GCC_NO_COMMON_BLOCKS = YES;
				GCC_WARN_64_TO_32_BIT_CONVERSION = YES;
				GCC_WARN_ABOUT_RETURN_TYPE = YES_ERROR;
				GCC_WARN_UNDECLARED_SELECTOR = YES;
				GCC_WARN_UNINITIALIZED_AUTOS = YES_AGGRESSIVE;
				GCC_WARN_UNUSED_FUNCTION = YES;
				GCC_WARN_UNUSED_VARIABLE = YES;
				IPHONEOS_DEPLOYMENT_TARGET = 13.2;
				MTL_ENABLE_DEBUG_INFO = NO;
				MTL_FAST_MATH = YES;
				SDKROOT = iphoneos;
				SWIFT_COMPILATION_MODE = wholemodule;
				SWIFT_OPTIMIZATION_LEVEL = "-O";
				VALIDATE_PRODUCT = YES;
			};
			name = Release;
		};
		307F9D1A239D34C500338DE8 /* Debug */ = {
			isa = XCBuildConfiguration;
			buildSettings = {
				ASSETCATALOG_COMPILER_APPICON_NAME = AppIcon;
				CODE_SIGN_STYLE = Automatic;
				DEVELOPMENT_TEAM = L578Q4W44T;
				INFOPLIST_FILE = UnitTestExamples/Info.plist;
				LD_RUNPATH_SEARCH_PATHS = (
					"$(inherited)",
					"@executable_path/Frameworks",
				);
				PRODUCT_BUNDLE_IDENTIFIER = com.mobiledevelopment.UnitTestExamples;
				PRODUCT_NAME = "$(TARGET_NAME)";
				SWIFT_VERSION = 5.0;
				TARGETED_DEVICE_FAMILY = "1,2";
			};
			name = Debug;
		};
		307F9D1B239D34C500338DE8 /* Release */ = {
			isa = XCBuildConfiguration;
			buildSettings = {
				ASSETCATALOG_COMPILER_APPICON_NAME = AppIcon;
				CODE_SIGN_STYLE = Automatic;
				DEVELOPMENT_TEAM = L578Q4W44T;
				INFOPLIST_FILE = UnitTestExamples/Info.plist;
				LD_RUNPATH_SEARCH_PATHS = (
					"$(inherited)",
					"@executable_path/Frameworks",
				);
				PRODUCT_BUNDLE_IDENTIFIER = com.mobiledevelopment.UnitTestExamples;
				PRODUCT_NAME = "$(TARGET_NAME)";
				SWIFT_VERSION = 5.0;
				TARGETED_DEVICE_FAMILY = "1,2";
			};
			name = Release;
		};
		307F9D28239D352E00338DE8 /* Debug */ = {
			isa = XCBuildConfiguration;
			buildSettings = {
				BUNDLE_LOADER = "$(TEST_HOST)";
				CODE_SIGN_STYLE = Automatic;
				DEVELOPMENT_TEAM = L578Q4W44T;
				INFOPLIST_FILE = UnitTestExamplesTests/Info.plist;
				LD_RUNPATH_SEARCH_PATHS = (
					"$(inherited)",
					"@executable_path/Frameworks",
					"@loader_path/Frameworks",
				);
				PRODUCT_BUNDLE_IDENTIFIER = com.mobiledevelopment.UnitTestExamplesTests;
				PRODUCT_NAME = "$(TARGET_NAME)";
				SWIFT_VERSION = 5.0;
				TARGETED_DEVICE_FAMILY = "1,2";
				TEST_HOST = "$(BUILT_PRODUCTS_DIR)/UnitTestExamples.app/UnitTestExamples";
			};
			name = Debug;
		};
		307F9D29239D352E00338DE8 /* Release */ = {
			isa = XCBuildConfiguration;
			buildSettings = {
				BUNDLE_LOADER = "$(TEST_HOST)";
				CODE_SIGN_STYLE = Automatic;
				DEVELOPMENT_TEAM = L578Q4W44T;
				INFOPLIST_FILE = UnitTestExamplesTests/Info.plist;
				LD_RUNPATH_SEARCH_PATHS = (
					"$(inherited)",
					"@executable_path/Frameworks",
					"@loader_path/Frameworks",
				);
				PRODUCT_BUNDLE_IDENTIFIER = com.mobiledevelopment.UnitTestExamplesTests;
				PRODUCT_NAME = "$(TARGET_NAME)";
				SWIFT_VERSION = 5.0;
				TARGETED_DEVICE_FAMILY = "1,2";
				TEST_HOST = "$(BUILT_PRODUCTS_DIR)/UnitTestExamples.app/UnitTestExamples";
			};
			name = Release;
		};
/* End XCBuildConfiguration section */

/* Begin XCConfigurationList section */
		307F9D00239D34C000338DE8 /* Build configuration list for PBXProject "UnitTestExamples" */ = {
			isa = XCConfigurationList;
			buildConfigurations = (
				307F9D17239D34C500338DE8 /* Debug */,
				307F9D18239D34C500338DE8 /* Release */,
			);
			defaultConfigurationIsVisible = 0;
			defaultConfigurationName = Release;
		};
		307F9D19239D34C500338DE8 /* Build configuration list for PBXNativeTarget "UnitTestExamples" */ = {
			isa = XCConfigurationList;
			buildConfigurations = (
				307F9D1A239D34C500338DE8 /* Debug */,
				307F9D1B239D34C500338DE8 /* Release */,
			);
			defaultConfigurationIsVisible = 0;
			defaultConfigurationName = Release;
		};
		307F9D27239D352E00338DE8 /* Build configuration list for PBXNativeTarget "UnitTestExamplesTests" */ = {
			isa = XCConfigurationList;
			buildConfigurations = (
				307F9D28239D352E00338DE8 /* Debug */,
				307F9D29239D352E00338DE8 /* Release */,
			);
			defaultConfigurationIsVisible = 0;
			defaultConfigurationName = Release;
		};
/* End XCConfigurationList section */
	};
	rootObject = 307F9CFD239D34C000338DE8 /* Project object */;
}
