// !$*UTF8*$!
{
	archiveVersion = 1;
	classes = {
	};
	objectVersion = 51;
	objects = {

/* Begin PBXBuildFile section */
		0B1199197ACFD579557B5387 /* Pods_WeatherAppTests.framework in Frameworks */ = {isa = PBXBuildFile; fileRef = 5DD6B4DB88BBB8A3A082CDD4 /* Pods_WeatherAppTests.framework */; };
		3EA4180C3C66944E6D0497E7 /* Pods_WeatherApp.framework in Frameworks */ = {isa = PBXBuildFile; fileRef = 3E10160F1376066344929957 /* Pods_WeatherApp.framework */; };
		62C48828EA6F5531C7B68BAF /* Pods_WeatherAppUITests.framework in Frameworks */ = {isa = PBXBuildFile; fileRef = 8A8409561D7B3A138236C015 /* Pods_WeatherAppUITests.framework */; };
		74BA69F322E209300078C1DB /* AppDelegate.swift in Sources */ = {isa = PBXBuildFile; fileRef = 74BA69F222E209300078C1DB /* AppDelegate.swift */; };
		74BA69F522E209300078C1DB /* ViewController.swift in Sources */ = {isa = PBXBuildFile; fileRef = 74BA69F422E209300078C1DB /* ViewController.swift */; };
		74BA69F822E209300078C1DB /* Main.storyboard in Resources */ = {isa = PBXBuildFile; fileRef = 74BA69F622E209300078C1DB /* Main.storyboard */; };
		74BA69FA22E209310078C1DB /* Assets.xcassets in Resources */ = {isa = PBXBuildFile; fileRef = 74BA69F922E209310078C1DB /* Assets.xcassets */; };
		74BA69FD22E209310078C1DB /* LaunchScreen.storyboard in Resources */ = {isa = PBXBuildFile; fileRef = 74BA69FB22E209310078C1DB /* LaunchScreen.storyboard */; };
		74BA6A0822E209310078C1DB /* WeatherAppTests.swift in Sources */ = {isa = PBXBuildFile; fileRef = 74BA6A0722E209310078C1DB /* WeatherAppTests.swift */; };
		74BA6A1322E209310078C1DB /* WeatherAppUITests.swift in Sources */ = {isa = PBXBuildFile; fileRef = 74BA6A1222E209310078C1DB /* WeatherAppUITests.swift */; };
		74BA6A2222E20BD10078C1DB /* WeatherResult.swift in Sources */ = {isa = PBXBuildFile; fileRef = 74BA6A2122E20BD10078C1DB /* WeatherResult.swift */; };
		74BA6A2522E20E460078C1DB /* URLRequest+Extensions.swift in Sources */ = {isa = PBXBuildFile; fileRef = 74BA6A2422E20E460078C1DB /* URLRequest+Extensions.swift */; };
		74BA6A2722E213440078C1DB /* URL+Extensions.swift in Sources */ = {isa = PBXBuildFile; fileRef = 74BA6A2622E213440078C1DB /* URL+Extensions.swift */; };
/* End PBXBuildFile section */

/* Begin PBXContainerItemProxy section */
		74BA6A0422E209310078C1DB /* PBXContainerItemProxy */ = {
			isa = PBXContainerItemProxy;
			containerPortal = 74BA69E722E2092F0078C1DB /* Project object */;
			proxyType = 1;
			remoteGlobalIDString = 74BA69EE22E209300078C1DB;
			remoteInfo = WeatherApp;
		};
		74BA6A0F22E209310078C1DB /* PBXContainerItemProxy */ = {
			isa = PBXContainerItemProxy;
			containerPortal = 74BA69E722E2092F0078C1DB /* Project object */;
			proxyType = 1;
			remoteGlobalIDString = 74BA69EE22E209300078C1DB;
			remoteInfo = WeatherApp;
		};
/* End PBXContainerItemProxy section */

/* Begin PBXFileReference section */
		132D9C3AC53C16A4A5AC3AB7 /* Pods-WeatherAppUITests.release.xcconfig */ = {isa = PBXFileReference; includeInIndex = 1; lastKnownFileType = text.xcconfig; name = "Pods-WeatherAppUITests.release.xcconfig"; path = "Target Support Files/Pods-WeatherAppUITests/Pods-WeatherAppUITests.release.xcconfig"; sourceTree = "<group>"; };
		3E10160F1376066344929957 /* Pods_WeatherApp.framework */ = {isa = PBXFileReference; explicitFileType = wrapper.framework; includeInIndex = 0; path = Pods_WeatherApp.framework; sourceTree = BUILT_PRODUCTS_DIR; };
		5B460188CCB085FBD48F5D06 /* Pods-WeatherApp.debug.xcconfig */ = {isa = PBXFileReference; includeInIndex = 1; lastKnownFileType = text.xcconfig; name = "Pods-WeatherApp.debug.xcconfig"; path = "Target Support Files/Pods-WeatherApp/Pods-WeatherApp.debug.xcconfig"; sourceTree = "<group>"; };
		5DD6B4DB88BBB8A3A082CDD4 /* Pods_WeatherAppTests.framework */ = {isa = PBXFileReference; explicitFileType = wrapper.framework; includeInIndex = 0; path = Pods_WeatherAppTests.framework; sourceTree = BUILT_PRODUCTS_DIR; };
		5E416B9F22E6D0CEBE3796F6 /* Pods-WeatherAppTests.debug.xcconfig */ = {isa = PBXFileReference; includeInIndex = 1; lastKnownFileType = text.xcconfig; name = "Pods-WeatherAppTests.debug.xcconfig"; path = "Target Support Files/Pods-WeatherAppTests/Pods-WeatherAppTests.debug.xcconfig"; sourceTree = "<group>"; };
		621A19E8DA37D18D57266477 /* Pods-WeatherAppTests.release.xcconfig */ = {isa = PBXFileReference; includeInIndex = 1; lastKnownFileType = text.xcconfig; name = "Pods-WeatherAppTests.release.xcconfig"; path = "Target Support Files/Pods-WeatherAppTests/Pods-WeatherAppTests.release.xcconfig"; sourceTree = "<group>"; };
		74BA69EF22E209300078C1DB /* WeatherApp.app */ = {isa = PBXFileReference; explicitFileType = wrapper.application; includeInIndex = 0; path = WeatherApp.app; sourceTree = BUILT_PRODUCTS_DIR; };
		74BA69F222E209300078C1DB /* AppDelegate.swift */ = {isa = PBXFileReference; lastKnownFileType = sourcecode.swift; path = AppDelegate.swift; sourceTree = "<group>"; };
		74BA69F422E209300078C1DB /* ViewController.swift */ = {isa = PBXFileReference; lastKnownFileType = sourcecode.swift; path = ViewController.swift; sourceTree = "<group>"; };
		74BA69F722E209300078C1DB /* Base */ = {isa = PBXFileReference; lastKnownFileType = file.storyboard; name = Base; path = Base.lproj/Main.storyboard; sourceTree = "<group>"; };
		74BA69F922E209310078C1DB /* Assets.xcassets */ = {isa = PBXFileReference; lastKnownFileType = folder.assetcatalog; path = Assets.xcassets; sourceTree = "<group>"; };
		74BA69FC22E209310078C1DB /* Base */ = {isa = PBXFileReference; lastKnownFileType = file.storyboard; name = Base; path = Base.lproj/LaunchScreen.storyboard; sourceTree = "<group>"; };
		74BA69FE22E209310078C1DB /* Info.plist */ = {isa = PBXFileReference; lastKnownFileType = text.plist.xml; path = Info.plist; sourceTree = "<group>"; };
		74BA6A0322E209310078C1DB /* WeatherAppTests.xctest */ = {isa = PBXFileReference; explicitFileType = wrapper.cfbundle; includeInIndex = 0; path = WeatherAppTests.xctest; sourceTree = BUILT_PRODUCTS_DIR; };
		74BA6A0722E209310078C1DB /* WeatherAppTests.swift */ = {isa = PBXFileReference; lastKnownFileType = sourcecode.swift; path = WeatherAppTests.swift; sourceTree = "<group>"; };
		74BA6A0922E209310078C1DB /* Info.plist */ = {isa = PBXFileReference; lastKnownFileType = text.plist.xml; path = Info.plist; sourceTree = "<group>"; };
		74BA6A0E22E209310078C1DB /* WeatherAppUITests.xctest */ = {isa = PBXFileReference; explicitFileType = wrapper.cfbundle; includeInIndex = 0; path = WeatherAppUITests.xctest; sourceTree = BUILT_PRODUCTS_DIR; };
		74BA6A1222E209310078C1DB /* WeatherAppUITests.swift */ = {isa = PBXFileReference; lastKnownFileType = sourcecode.swift; path = WeatherAppUITests.swift; sourceTree = "<group>"; };
		74BA6A1422E209310078C1DB /* Info.plist */ = {isa = PBXFileReference; lastKnownFileType = text.plist.xml; path = Info.plist; sourceTree = "<group>"; };
		74BA6A2122E20BD10078C1DB /* WeatherResult.swift */ = {isa = PBXFileReference; lastKnownFileType = sourcecode.swift; path = WeatherResult.swift; sourceTree = "<group>"; };
		74BA6A2422E20E460078C1DB /* URLRequest+Extensions.swift */ = {isa = PBXFileReference; lastKnownFileType = sourcecode.swift; path = "URLRequest+Extensions.swift"; sourceTree = "<group>"; };
		74BA6A2622E213440078C1DB /* URL+Extensions.swift */ = {isa = PBXFileReference; lastKnownFileType = sourcecode.swift; path = "URL+Extensions.swift"; sourceTree = "<group>"; };
		8A8409561D7B3A138236C015 /* Pods_WeatherAppUITests.framework */ = {isa = PBXFileReference; explicitFileType = wrapper.framework; includeInIndex = 0; path = Pods_WeatherAppUITests.framework; sourceTree = BUILT_PRODUCTS_DIR; };
		C2C5ED1A6135CD56924BBFE4 /* Pods-WeatherAppUITests.debug.xcconfig */ = {isa = PBXFileReference; includeInIndex = 1; lastKnownFileType = text.xcconfig; name = "Pods-WeatherAppUITests.debug.xcconfig"; path = "Target Support Files/Pods-WeatherAppUITests/Pods-WeatherAppUITests.debug.xcconfig"; sourceTree = "<group>"; };
		CF70B487B72EF104CE3E1C26 /* Pods-WeatherApp.release.xcconfig */ = {isa = PBXFileReference; includeInIndex = 1; lastKnownFileType = text.xcconfig; name = "Pods-WeatherApp.release.xcconfig"; path = "Target Support Files/Pods-WeatherApp/Pods-WeatherApp.release.xcconfig"; sourceTree = "<group>"; };
/* End PBXFileReference section */

/* Begin PBXFrameworksBuildPhase section */
		74BA69EC22E209300078C1DB /* Frameworks */ = {
			isa = PBXFrameworksBuildPhase;
			buildActionMask = 2147483647;
			files = (
				3EA4180C3C66944E6D0497E7 /* Pods_WeatherApp.framework in Frameworks */,
			);
			runOnlyForDeploymentPostprocessing = 0;
		};
		74BA6A0022E209310078C1DB /* Frameworks */ = {
			isa = PBXFrameworksBuildPhase;
			buildActionMask = 2147483647;
			files = (
				0B1199197ACFD579557B5387 /* Pods_WeatherAppTests.framework in Frameworks */,
			);
			runOnlyForDeploymentPostprocessing = 0;
		};
		74BA6A0B22E209310078C1DB /* Frameworks */ = {
			isa = PBXFrameworksBuildPhase;
			buildActionMask = 2147483647;
			files = (
				62C48828EA6F5531C7B68BAF /* Pods_WeatherAppUITests.framework in Frameworks */,
			);
			runOnlyForDeploymentPostprocessing = 0;
		};
/* End PBXFrameworksBuildPhase section */

/* Begin PBXGroup section */
		1083D6C9B3F11D1BDD2CD416 /* Frameworks */ = {
			isa = PBXGroup;
			children = (
				3E10160F1376066344929957 /* Pods_WeatherApp.framework */,
				5DD6B4DB88BBB8A3A082CDD4 /* Pods_WeatherAppTests.framework */,
				8A8409561D7B3A138236C015 /* Pods_WeatherAppUITests.framework */,
			);
			name = Frameworks;
			sourceTree = "<group>";
		};
		5577B547AC060FF640CD1297 /* Pods */ = {
			isa = PBXGroup;
			children = (
				5B460188CCB085FBD48F5D06 /* Pods-WeatherApp.debug.xcconfig */,
				CF70B487B72EF104CE3E1C26 /* Pods-WeatherApp.release.xcconfig */,
				5E416B9F22E6D0CEBE3796F6 /* Pods-WeatherAppTests.debug.xcconfig */,
				621A19E8DA37D18D57266477 /* Pods-WeatherAppTests.release.xcconfig */,
				C2C5ED1A6135CD56924BBFE4 /* Pods-WeatherAppUITests.debug.xcconfig */,
				132D9C3AC53C16A4A5AC3AB7 /* Pods-WeatherAppUITests.release.xcconfig */,
			);
			path = Pods;
			sourceTree = "<group>";
		};
		74BA69E622E2092F0078C1DB = {
			isa = PBXGroup;
			children = (
				74BA69F122E209300078C1DB /* WeatherApp */,
				74BA6A0622E209310078C1DB /* WeatherAppTests */,
				74BA6A1122E209310078C1DB /* WeatherAppUITests */,
				74BA69F022E209300078C1DB /* Products */,
				5577B547AC060FF640CD1297 /* Pods */,
				1083D6C9B3F11D1BDD2CD416 /* Frameworks */,
			);
			sourceTree = "<group>";
		};
		74BA69F022E209300078C1DB /* Products */ = {
			isa = PBXGroup;
			children = (
				74BA69EF22E209300078C1DB /* WeatherApp.app */,
				74BA6A0322E209310078C1DB /* WeatherAppTests.xctest */,
				74BA6A0E22E209310078C1DB /* WeatherAppUITests.xctest */,
			);
			name = Products;
			sourceTree = "<group>";
		};
		74BA69F122E209300078C1DB /* WeatherApp */ = {
			isa = PBXGroup;
			children = (
				74BA69F222E209300078C1DB /* AppDelegate.swift */,
				74BA6A2322E20E240078C1DB /* Extensions */,
				74BA6A2022E20BC40078C1DB /* Models */,
				74BA69F422E209300078C1DB /* ViewController.swift */,
				74BA69F622E209300078C1DB /* Main.storyboard */,
				74BA69F922E209310078C1DB /* Assets.xcassets */,
				74BA69FB22E209310078C1DB /* LaunchScreen.storyboard */,
				74BA69FE22E209310078C1DB /* Info.plist */,
			);
			path = WeatherApp;
			sourceTree = "<group>";
		};
		74BA6A0622E209310078C1DB /* WeatherAppTests */ = {
			isa = PBXGroup;
			children = (
				74BA6A0722E209310078C1DB /* WeatherAppTests.swift */,
				74BA6A0922E209310078C1DB /* Info.plist */,
			);
			path = WeatherAppTests;
			sourceTree = "<group>";
		};
		74BA6A1122E209310078C1DB /* WeatherAppUITests */ = {
			isa = PBXGroup;
			children = (
				74BA6A1222E209310078C1DB /* WeatherAppUITests.swift */,
				74BA6A1422E209310078C1DB /* Info.plist */,
			);
			path = WeatherAppUITests;
			sourceTree = "<group>";
		};
		74BA6A2022E20BC40078C1DB /* Models */ = {
			isa = PBXGroup;
			children = (
				74BA6A2122E20BD10078C1DB /* WeatherResult.swift */,
			);
			path = Models;
			sourceTree = "<group>";
		};
		74BA6A2322E20E240078C1DB /* Extensions */ = {
			isa = PBXGroup;
			children = (
				74BA6A2422E20E460078C1DB /* URLRequest+Extensions.swift */,
				74BA6A2622E213440078C1DB /* URL+Extensions.swift */,
			);
			path = Extensions;
			sourceTree = "<group>";
		};
/* End PBXGroup section */

/* Begin PBXNativeTarget section */
		74BA69EE22E209300078C1DB /* WeatherApp */ = {
			isa = PBXNativeTarget;
			buildConfigurationList = 74BA6A1722E209310078C1DB /* Build configuration list for PBXNativeTarget "WeatherApp" */;
			buildPhases = (
				104525B7E040E7C8C70291C6 /* [CP] Check Pods Manifest.lock */,
				74BA69EB22E209300078C1DB /* Sources */,
				74BA69EC22E209300078C1DB /* Frameworks */,
				74BA69ED22E209300078C1DB /* Resources */,
				9521B8283ABB5928D332BA4B /* [CP] Embed Pods Frameworks */,
			);
			buildRules = (
			);
			dependencies = (
			);
			name = WeatherApp;
			productName = WeatherApp;
			productReference = 74BA69EF22E209300078C1DB /* WeatherApp.app */;
			productType = "com.apple.product-type.application";
		};
		74BA6A0222E209310078C1DB /* WeatherAppTests */ = {
			isa = PBXNativeTarget;
			buildConfigurationList = 74BA6A1A22E209310078C1DB /* Build configuration list for PBXNativeTarget "WeatherAppTests" */;
			buildPhases = (
				4D3D238FAEEC9B19A93F6A2C /* [CP] Check Pods Manifest.lock */,
				74BA69FF22E209310078C1DB /* Sources */,
				74BA6A0022E209310078C1DB /* Frameworks */,
				74BA6A0122E209310078C1DB /* Resources */,
			);
			buildRules = (
			);
			dependencies = (
				74BA6A0522E209310078C1DB /* PBXTargetDependency */,
			);
			name = WeatherAppTests;
			productName = WeatherAppTests;
			productReference = 74BA6A0322E209310078C1DB /* WeatherAppTests.xctest */;
			productType = "com.apple.product-type.bundle.unit-test";
		};
		74BA6A0D22E209310078C1DB /* WeatherAppUITests */ = {
			isa = PBXNativeTarget;
			buildConfigurationList = 74BA6A1D22E209310078C1DB /* Build configuration list for PBXNativeTarget "WeatherAppUITests" */;
			buildPhases = (
				9F9993966366F82020B639B2 /* [CP] Check Pods Manifest.lock */,
				74BA6A0A22E209310078C1DB /* Sources */,
				74BA6A0B22E209310078C1DB /* Frameworks */,
				74BA6A0C22E209310078C1DB /* Resources */,
			);
			buildRules = (
			);
			dependencies = (
				74BA6A1022E209310078C1DB /* PBXTargetDependency */,
			);
			name = WeatherAppUITests;
			productName = WeatherAppUITests;
			productReference = 74BA6A0E22E209310078C1DB /* WeatherAppUITests.xctest */;
			productType = "com.apple.product-type.bundle.ui-testing";
		};
/* End PBXNativeTarget section */

/* Begin PBXProject section */
		74BA69E722E2092F0078C1DB /* Project object */ = {
			isa = PBXProject;
			attributes = {
				LastSwiftUpdateCheck = 1020;
				LastUpgradeCheck = 1020;
				ORGANIZATIONNAME = "Lazar Pešić";
				TargetAttributes = {
					74BA69EE22E209300078C1DB = {
						CreatedOnToolsVersion = 10.2.1;
					};
					74BA6A0222E209310078C1DB = {
						CreatedOnToolsVersion = 10.2.1;
						TestTargetID = 74BA69EE22E209300078C1DB;
					};
					74BA6A0D22E209310078C1DB = {
						CreatedOnToolsVersion = 10.2.1;
						TestTargetID = 74BA69EE22E209300078C1DB;
					};
				};
			};
			buildConfigurationList = 74BA69EA22E2092F0078C1DB /* Build configuration list for PBXProject "WeatherApp" */;
			compatibilityVersion = "Xcode 9.3";
			developmentRegion = en;
			hasScannedForEncodings = 0;
			knownRegions = (
				en,
				Base,
			);
			mainGroup = 74BA69E622E2092F0078C1DB;
			productRefGroup = 74BA69F022E209300078C1DB /* Products */;
			projectDirPath = "";
			projectRoot = "";
			targets = (
				74BA69EE22E209300078C1DB /* WeatherApp */,
				74BA6A0222E209310078C1DB /* WeatherAppTests */,
				74BA6A0D22E209310078C1DB /* WeatherAppUITests */,
			);
		};
/* End PBXProject section */

/* Begin PBXResourcesBuildPhase section */
		74BA69ED22E209300078C1DB /* Resources */ = {
			isa = PBXResourcesBuildPhase;
			buildActionMask = 2147483647;
			files = (
				74BA69FD22E209310078C1DB /* LaunchScreen.storyboard in Resources */,
				74BA69FA22E209310078C1DB /* Assets.xcassets in Resources */,
				74BA69F822E209300078C1DB /* Main.storyboard in Resources */,
			);
			runOnlyForDeploymentPostprocessing = 0;
		};
		74BA6A0122E209310078C1DB /* Resources */ = {
			isa = PBXResourcesBuildPhase;
			buildActionMask = 2147483647;
			files = (
			);
			runOnlyForDeploymentPostprocessing = 0;
		};
		74BA6A0C22E209310078C1DB /* Resources */ = {
			isa = PBXResourcesBuildPhase;
			buildActionMask = 2147483647;
			files = (
			);
			runOnlyForDeploymentPostprocessing = 0;
		};
/* End PBXResourcesBuildPhase section */

/* Begin PBXShellScriptBuildPhase section */
		104525B7E040E7C8C70291C6 /* [CP] Check Pods Manifest.lock */ = {
			isa = PBXShellScriptBuildPhase;
			buildActionMask = 2147483647;
			files = (
			);
			inputFileListPaths = (
			);
			inputPaths = (
				"${PODS_PODFILE_DIR_PATH}/Podfile.lock",
				"${PODS_ROOT}/Manifest.lock",
			);
			name = "[CP] Check Pods Manifest.lock";
			outputFileListPaths = (
			);
			outputPaths = (
				"$(DERIVED_FILE_DIR)/Pods-WeatherApp-checkManifestLockResult.txt",
			);
			runOnlyForDeploymentPostprocessing = 0;
			shellPath = /bin/sh;
			shellScript = "diff \"${PODS_PODFILE_DIR_PATH}/Podfile.lock\" \"${PODS_ROOT}/Manifest.lock\" > /dev/null\nif [ $? != 0 ] ; then\n    # print error to STDERR\n    echo \"error: The sandbox is not in sync with the Podfile.lock. Run 'pod install' or update your CocoaPods installation.\" >&2\n    exit 1\nfi\n# This output is used by Xcode 'outputs' to avoid re-running this script phase.\necho \"SUCCESS\" > \"${SCRIPT_OUTPUT_FILE_0}\"\n";
			showEnvVarsInLog = 0;
		};
		4D3D238FAEEC9B19A93F6A2C /* [CP] Check Pods Manifest.lock */ = {
			isa = PBXShellScriptBuildPhase;
			buildActionMask = 2147483647;
			files = (
			);
			inputFileListPaths = (
			);
			inputPaths = (
				"${PODS_PODFILE_DIR_PATH}/Podfile.lock",
				"${PODS_ROOT}/Manifest.lock",
			);
			name = "[CP] Check Pods Manifest.lock";
			outputFileListPaths = (
			);
			outputPaths = (
				"$(DERIVED_FILE_DIR)/Pods-WeatherAppTests-checkManifestLockResult.txt",
			);
			runOnlyForDeploymentPostprocessing = 0;
			shellPath = /bin/sh;
			shellScript = "diff \"${PODS_PODFILE_DIR_PATH}/Podfile.lock\" \"${PODS_ROOT}/Manifest.lock\" > /dev/null\nif [ $? != 0 ] ; then\n    # print error to STDERR\n    echo \"error: The sandbox is not in sync with the Podfile.lock. Run 'pod install' or update your CocoaPods installation.\" >&2\n    exit 1\nfi\n# This output is used by Xcode 'outputs' to avoid re-running this script phase.\necho \"SUCCESS\" > \"${SCRIPT_OUTPUT_FILE_0}\"\n";
			showEnvVarsInLog = 0;
		};
		9521B8283ABB5928D332BA4B /* [CP] Embed Pods Frameworks */ = {
			isa = PBXShellScriptBuildPhase;
			buildActionMask = 2147483647;
			files = (
			);
			inputFileListPaths = (
				"${PODS_ROOT}/Target Support Files/Pods-WeatherApp/Pods-WeatherApp-frameworks-${CONFIGURATION}-input-files.xcfilelist",
			);
			name = "[CP] Embed Pods Frameworks";
			outputFileListPaths = (
				"${PODS_ROOT}/Target Support Files/Pods-WeatherApp/Pods-WeatherApp-frameworks-${CONFIGURATION}-output-files.xcfilelist",
			);
			runOnlyForDeploymentPostprocessing = 0;
			shellPath = /bin/sh;
			shellScript = "\"${PODS_ROOT}/Target Support Files/Pods-WeatherApp/Pods-WeatherApp-frameworks.sh\"\n";
			showEnvVarsInLog = 0;
		};
		9F9993966366F82020B639B2 /* [CP] Check Pods Manifest.lock */ = {
			isa = PBXShellScriptBuildPhase;
			buildActionMask = 2147483647;
			files = (
			);
			inputFileListPaths = (
			);
			inputPaths = (
				"${PODS_PODFILE_DIR_PATH}/Podfile.lock",
				"${PODS_ROOT}/Manifest.lock",
			);
			name = "[CP] Check Pods Manifest.lock";
			outputFileListPaths = (
			);
			outputPaths = (
				"$(DERIVED_FILE_DIR)/Pods-WeatherAppUITests-checkManifestLockResult.txt",
			);
			runOnlyForDeploymentPostprocessing = 0;
			shellPath = /bin/sh;
			shellScript = "diff \"${PODS_PODFILE_DIR_PATH}/Podfile.lock\" \"${PODS_ROOT}/Manifest.lock\" > /dev/null\nif [ $? != 0 ] ; then\n    # print error to STDERR\n    echo \"error: The sandbox is not in sync with the Podfile.lock. Run 'pod install' or update your CocoaPods installation.\" >&2\n    exit 1\nfi\n# This output is used by Xcode 'outputs' to avoid re-running this script phase.\necho \"SUCCESS\" > \"${SCRIPT_OUTPUT_FILE_0}\"\n";
			showEnvVarsInLog = 0;
		};
/* End PBXShellScriptBuildPhase section */

/* Begin PBXSourcesBuildPhase section */
		74BA69EB22E209300078C1DB /* Sources */ = {
			isa = PBXSourcesBuildPhase;
			buildActionMask = 2147483647;
			files = (
				74BA6A2222E20BD10078C1DB /* WeatherResult.swift in Sources */,
				74BA6A2522E20E460078C1DB /* URLRequest+Extensions.swift in Sources */,
				74BA6A2722E213440078C1DB /* URL+Extensions.swift in Sources */,
				74BA69F522E209300078C1DB /* ViewController.swift in Sources */,
				74BA69F322E209300078C1DB /* AppDelegate.swift in Sources */,
			);
			runOnlyForDeploymentPostprocessing = 0;
		};
		74BA69FF22E209310078C1DB /* Sources */ = {
			isa = PBXSourcesBuildPhase;
			buildActionMask = 2147483647;
			files = (
				74BA6A0822E209310078C1DB /* WeatherAppTests.swift in Sources */,
			);
			runOnlyForDeploymentPostprocessing = 0;
		};
		74BA6A0A22E209310078C1DB /* Sources */ = {
			isa = PBXSourcesBuildPhase;
			buildActionMask = 2147483647;
			files = (
				74BA6A1322E209310078C1DB /* WeatherAppUITests.swift in Sources */,
			);
			runOnlyForDeploymentPostprocessing = 0;
		};
/* End PBXSourcesBuildPhase section */

/* Begin PBXTargetDependency section */
		74BA6A0522E209310078C1DB /* PBXTargetDependency */ = {
			isa = PBXTargetDependency;
			target = 74BA69EE22E209300078C1DB /* WeatherApp */;
			targetProxy = 74BA6A0422E209310078C1DB /* PBXContainerItemProxy */;
		};
		74BA6A1022E209310078C1DB /* PBXTargetDependency */ = {
			isa = PBXTargetDependency;
			target = 74BA69EE22E209300078C1DB /* WeatherApp */;
			targetProxy = 74BA6A0F22E209310078C1DB /* PBXContainerItemProxy */;
		};
/* End PBXTargetDependency section */

/* Begin PBXVariantGroup section */
		74BA69F622E209300078C1DB /* Main.storyboard */ = {
			isa = PBXVariantGroup;
			children = (
				74BA69F722E209300078C1DB /* Base */,
			);
			name = Main.storyboard;
			sourceTree = "<group>";
		};
		74BA69FB22E209310078C1DB /* LaunchScreen.storyboard */ = {
			isa = PBXVariantGroup;
			children = (
				74BA69FC22E209310078C1DB /* Base */,
			);
			name = LaunchScreen.storyboard;
			sourceTree = "<group>";
		};
/* End PBXVariantGroup section */

/* Begin XCBuildConfiguration section */
		74BA6A1522E209310078C1DB /* Debug */ = {
			isa = XCBuildConfiguration;
			buildSettings = {
				ALWAYS_SEARCH_USER_PATHS = NO;
				CLANG_ANALYZER_NONNULL = YES;
				CLANG_ANALYZER_NUMBER_OBJECT_CONVERSION = YES_AGGRESSIVE;
				CLANG_CXX_LANGUAGE_STANDARD = "gnu++14";
				CLANG_CXX_LIBRARY = "libc++";
				CLANG_ENABLE_MODULES = YES;
				CLANG_ENABLE_OBJC_ARC = YES;
				CLANG_ENABLE_OBJC_WEAK = YES;
				CLANG_WARN_BLOCK_CAPTURE_AUTORELEASING = YES;
				CLANG_WARN_BOOL_CONVERSION = YES;
				CLANG_WARN_COMMA = YES;
				CLANG_WARN_CONSTANT_CONVERSION = YES;
				CLANG_WARN_DEPRECATED_OBJC_IMPLEMENTATIONS = YES;
				CLANG_WARN_DIRECT_OBJC_ISA_USAGE = YES_ERROR;
				CLANG_WARN_DOCUMENTATION_COMMENTS = YES;
				CLANG_WARN_EMPTY_BODY = YES;
				CLANG_WARN_ENUM_CONVERSION = YES;
				CLANG_WARN_INFINITE_RECURSION = YES;
				CLANG_WARN_INT_CONVERSION = YES;
				CLANG_WARN_NON_LITERAL_NULL_CONVERSION = YES;
				CLANG_WARN_OBJC_IMPLICIT_RETAIN_SELF = YES;
				CLANG_WARN_OBJC_LITERAL_CONVERSION = YES;
				CLANG_WARN_OBJC_ROOT_CLASS = YES_ERROR;
				CLANG_WARN_RANGE_LOOP_ANALYSIS = YES;
				CLANG_WARN_STRICT_PROTOTYPES = YES;
				CLANG_WARN_SUSPICIOUS_MOVE = YES;
				CLANG_WARN_UNGUARDED_AVAILABILITY = YES_AGGRESSIVE;
				CLANG_WARN_UNREACHABLE_CODE = YES;
				CLANG_WARN__DUPLICATE_METHOD_MATCH = YES;
				CODE_SIGN_IDENTITY = "iPhone Developer";
				COPY_PHASE_STRIP = NO;
				DEBUG_INFORMATION_FORMAT = dwarf;
				ENABLE_STRICT_OBJC_MSGSEND = YES;
				ENABLE_TESTABILITY = YES;
				GCC_C_LANGUAGE_STANDARD = gnu11;
				GCC_DYNAMIC_NO_PIC = NO;
				GCC_NO_COMMON_BLOCKS = YES;
				GCC_OPTIMIZATION_LEVEL = 0;
				GCC_PREPROCESSOR_DEFINITIONS = (
					"DEBUG=1",
					"$(inherited)",
				);
				GCC_WARN_64_TO_32_BIT_CONVERSION = YES;
				GCC_WARN_ABOUT_RETURN_TYPE = YES_ERROR;
				GCC_WARN_UNDECLARED_SELECTOR = YES;
				GCC_WARN_UNINITIALIZED_AUTOS = YES_AGGRESSIVE;
				GCC_WARN_UNUSED_FUNCTION = YES;
				GCC_WARN_UNUSED_VARIABLE = YES;
				IPHONEOS_DEPLOYMENT_TARGET = 12.2;
				MTL_ENABLE_DEBUG_INFO = INCLUDE_SOURCE;
				MTL_FAST_MATH = YES;
				ONLY_ACTIVE_ARCH = YES;
				SDKROOT = iphoneos;
				SWIFT_ACTIVE_COMPILATION_CONDITIONS = DEBUG;
				SWIFT_OPTIMIZATION_LEVEL = "-Onone";
			};
			name = Debug;
		};
		74BA6A1622E209310078C1DB /* Release */ = {
			isa = XCBuildConfiguration;
			buildSettings = {
				ALWAYS_SEARCH_USER_PATHS = NO;
				CLANG_ANALYZER_NONNULL = YES;
				CLANG_ANALYZER_NUMBER_OBJECT_CONVERSION = YES_AGGRESSIVE;
				CLANG_CXX_LANGUAGE_STANDARD = "gnu++14";
				CLANG_CXX_LIBRARY = "libc++";
				CLANG_ENABLE_MODULES = YES;
				CLANG_ENABLE_OBJC_ARC = YES;
				CLANG_ENABLE_OBJC_WEAK = YES;
				CLANG_WARN_BLOCK_CAPTURE_AUTORELEASING = YES;
				CLANG_WARN_BOOL_CONVERSION = YES;
				CLANG_WARN_COMMA = YES;
				CLANG_WARN_CONSTANT_CONVERSION = YES;
				CLANG_WARN_DEPRECATED_OBJC_IMPLEMENTATIONS = YES;
				CLANG_WARN_DIRECT_OBJC_ISA_USAGE = YES_ERROR;
				CLANG_WARN_DOCUMENTATION_COMMENTS = YES;
				CLANG_WARN_EMPTY_BODY = YES;
				CLANG_WARN_ENUM_CONVERSION = YES;
				CLANG_WARN_INFINITE_RECURSION = YES;
				CLANG_WARN_INT_CONVERSION = YES;
				CLANG_WARN_NON_LITERAL_NULL_CONVERSION = YES;
				CLANG_WARN_OBJC_IMPLICIT_RETAIN_SELF = YES;
				CLANG_WARN_OBJC_LITERAL_CONVERSION = YES;
				CLANG_WARN_OBJC_ROOT_CLASS = YES_ERROR;
				CLANG_WARN_RANGE_LOOP_ANALYSIS = YES;
				CLANG_WARN_STRICT_PROTOTYPES = YES;
				CLANG_WARN_SUSPICIOUS_MOVE = YES;
				CLANG_WARN_UNGUARDED_AVAILABILITY = YES_AGGRESSIVE;
				CLANG_WARN_UNREACHABLE_CODE = YES;
				CLANG_WARN__DUPLICATE_METHOD_MATCH = YES;
				CODE_SIGN_IDENTITY = "iPhone Developer";
				COPY_PHASE_STRIP = NO;
				DEBUG_INFORMATION_FORMAT = "dwarf-with-dsym";
				ENABLE_NS_ASSERTIONS = NO;
				ENABLE_STRICT_OBJC_MSGSEND = YES;
				GCC_C_LANGUAGE_STANDARD = gnu11;
				GCC_NO_COMMON_BLOCKS = YES;
				GCC_WARN_64_TO_32_BIT_CONVERSION = YES;
				GCC_WARN_ABOUT_RETURN_TYPE = YES_ERROR;
				GCC_WARN_UNDECLARED_SELECTOR = YES;
				GCC_WARN_UNINITIALIZED_AUTOS = YES_AGGRESSIVE;
				GCC_WARN_UNUSED_FUNCTION = YES;
				GCC_WARN_UNUSED_VARIABLE = YES;
				IPHONEOS_DEPLOYMENT_TARGET = 12.2;
				MTL_ENABLE_DEBUG_INFO = NO;
				MTL_FAST_MATH = YES;
				SDKROOT = iphoneos;
				SWIFT_COMPILATION_MODE = wholemodule;
				SWIFT_OPTIMIZATION_LEVEL = "-O";
				VALIDATE_PRODUCT = YES;
			};
			name = Release;
		};
		74BA6A1822E209310078C1DB /* Debug */ = {
			isa = XCBuildConfiguration;
			baseConfigurationReference = 5B460188CCB085FBD48F5D06 /* Pods-WeatherApp.debug.xcconfig */;
			buildSettings = {
				ASSETCATALOG_COMPILER_APPICON_NAME = AppIcon;
				CODE_SIGN_STYLE = Automatic;
				DEVELOPMENT_TEAM = L578Q4W44T;
				INFOPLIST_FILE = WeatherApp/Info.plist;
				LD_RUNPATH_SEARCH_PATHS = (
					"$(inherited)",
					"@executable_path/Frameworks",
				);
				PRODUCT_BUNDLE_IDENTIFIER = com.mobiledevelopment.WeatherApp;
				PRODUCT_NAME = "$(TARGET_NAME)";
				SWIFT_VERSION = 5.0;
				TARGETED_DEVICE_FAMILY = "1,2";
			};
			name = Debug;
		};
		74BA6A1922E209310078C1DB /* Release */ = {
			isa = XCBuildConfiguration;
			baseConfigurationReference = CF70B487B72EF104CE3E1C26 /* Pods-WeatherApp.release.xcconfig */;
			buildSettings = {
				ASSETCATALOG_COMPILER_APPICON_NAME = AppIcon;
				CODE_SIGN_STYLE = Automatic;
				DEVELOPMENT_TEAM = L578Q4W44T;
				INFOPLIST_FILE = WeatherApp/Info.plist;
				LD_RUNPATH_SEARCH_PATHS = (
					"$(inherited)",
					"@executable_path/Frameworks",
				);
				PRODUCT_BUNDLE_IDENTIFIER = com.mobiledevelopment.WeatherApp;
				PRODUCT_NAME = "$(TARGET_NAME)";
				SWIFT_VERSION = 5.0;
				TARGETED_DEVICE_FAMILY = "1,2";
			};
			name = Release;
		};
		74BA6A1B22E209310078C1DB /* Debug */ = {
			isa = XCBuildConfiguration;
			baseConfigurationReference = 5E416B9F22E6D0CEBE3796F6 /* Pods-WeatherAppTests.debug.xcconfig */;
			buildSettings = {
				ALWAYS_EMBED_SWIFT_STANDARD_LIBRARIES = YES;
				BUNDLE_LOADER = "$(TEST_HOST)";
				CODE_SIGN_STYLE = Automatic;
				DEVELOPMENT_TEAM = L578Q4W44T;
				INFOPLIST_FILE = WeatherAppTests/Info.plist;
				LD_RUNPATH_SEARCH_PATHS = (
					"$(inherited)",
					"@executable_path/Frameworks",
					"@loader_path/Frameworks",
				);
				PRODUCT_BUNDLE_IDENTIFIER = com.mobiledevelopment.WeatherAppTests;
				PRODUCT_NAME = "$(TARGET_NAME)";
				SWIFT_VERSION = 5.0;
				TARGETED_DEVICE_FAMILY = "1,2";
				TEST_HOST = "$(BUILT_PRODUCTS_DIR)/WeatherApp.app/WeatherApp";
			};
			name = Debug;
		};
		74BA6A1C22E209310078C1DB /* Release */ = {
			isa = XCBuildConfiguration;
			baseConfigurationReference = 621A19E8DA37D18D57266477 /* Pods-WeatherAppTests.release.xcconfig */;
			buildSettings = {
				ALWAYS_EMBED_SWIFT_STANDARD_LIBRARIES = YES;
				BUNDLE_LOADER = "$(TEST_HOST)";
				CODE_SIGN_STYLE = Automatic;
				DEVELOPMENT_TEAM = L578Q4W44T;
				INFOPLIST_FILE = WeatherAppTests/Info.plist;
				LD_RUNPATH_SEARCH_PATHS = (
					"$(inherited)",
					"@executable_path/Frameworks",
					"@loader_path/Frameworks",
				);
				PRODUCT_BUNDLE_IDENTIFIER = com.mobiledevelopment.WeatherAppTests;
				PRODUCT_NAME = "$(TARGET_NAME)";
				SWIFT_VERSION = 5.0;
				TARGETED_DEVICE_FAMILY = "1,2";
				TEST_HOST = "$(BUILT_PRODUCTS_DIR)/WeatherApp.app/WeatherApp";
			};
			name = Release;
		};
		74BA6A1E22E209310078C1DB /* Debug */ = {
			isa = XCBuildConfiguration;
			baseConfigurationReference = C2C5ED1A6135CD56924BBFE4 /* Pods-WeatherAppUITests.debug.xcconfig */;
			buildSettings = {
				ALWAYS_EMBED_SWIFT_STANDARD_LIBRARIES = YES;
				CODE_SIGN_STYLE = Automatic;
				DEVELOPMENT_TEAM = L578Q4W44T;
				INFOPLIST_FILE = WeatherAppUITests/Info.plist;
				LD_RUNPATH_SEARCH_PATHS = (
					"$(inherited)",
					"@executable_path/Frameworks",
					"@loader_path/Frameworks",
				);
				PRODUCT_BUNDLE_IDENTIFIER = com.mobiledevelopment.WeatherAppUITests;
				PRODUCT_NAME = "$(TARGET_NAME)";
				SWIFT_VERSION = 5.0;
				TARGETED_DEVICE_FAMILY = "1,2";
				TEST_TARGET_NAME = WeatherApp;
			};
			name = Debug;
		};
		74BA6A1F22E209310078C1DB /* Release */ = {
			isa = XCBuildConfiguration;
			baseConfigurationReference = 132D9C3AC53C16A4A5AC3AB7 /* Pods-WeatherAppUITests.release.xcconfig */;
			buildSettings = {
				ALWAYS_EMBED_SWIFT_STANDARD_LIBRARIES = YES;
				CODE_SIGN_STYLE = Automatic;
				DEVELOPMENT_TEAM = L578Q4W44T;
				INFOPLIST_FILE = WeatherAppUITests/Info.plist;
				LD_RUNPATH_SEARCH_PATHS = (
					"$(inherited)",
					"@executable_path/Frameworks",
					"@loader_path/Frameworks",
				);
				PRODUCT_BUNDLE_IDENTIFIER = com.mobiledevelopment.WeatherAppUITests;
				PRODUCT_NAME = "$(TARGET_NAME)";
				SWIFT_VERSION = 5.0;
				TARGETED_DEVICE_FAMILY = "1,2";
				TEST_TARGET_NAME = WeatherApp;
			};
			name = Release;
		};
/* End XCBuildConfiguration section */

/* Begin XCConfigurationList section */
		74BA69EA22E2092F0078C1DB /* Build configuration list for PBXProject "WeatherApp" */ = {
			isa = XCConfigurationList;
			buildConfigurations = (
				74BA6A1522E209310078C1DB /* Debug */,
				74BA6A1622E209310078C1DB /* Release */,
			);
			defaultConfigurationIsVisible = 0;
			defaultConfigurationName = Release;
		};
		74BA6A1722E209310078C1DB /* Build configuration list for PBXNativeTarget "WeatherApp" */ = {
			isa = XCConfigurationList;
			buildConfigurations = (
				74BA6A1822E209310078C1DB /* Debug */,
				74BA6A1922E209310078C1DB /* Release */,
			);
			defaultConfigurationIsVisible = 0;
			defaultConfigurationName = Release;
		};
		74BA6A1A22E209310078C1DB /* Build configuration list for PBXNativeTarget "WeatherAppTests" */ = {
			isa = XCConfigurationList;
			buildConfigurations = (
				74BA6A1B22E209310078C1DB /* Debug */,
				74BA6A1C22E209310078C1DB /* Release */,
			);
			defaultConfigurationIsVisible = 0;
			defaultConfigurationName = Release;
		};
		74BA6A1D22E209310078C1DB /* Build configuration list for PBXNativeTarget "WeatherAppUITests" */ = {
			isa = XCConfigurationList;
			buildConfigurations = (
				74BA6A1E22E209310078C1DB /* Debug */,
				74BA6A1F22E209310078C1DB /* Release */,
			);
			defaultConfigurationIsVisible = 0;
			defaultConfigurationName = Release;
		};
/* End XCConfigurationList section */
	};
	rootObject = 74BA69E722E2092F0078C1DB /* Project object */;
}
